
Microsoft Visual Studio Solution File, Format Version 12.00
# Visual Studio Version 17
VisualStudioVersion = 17.9.34616.47
MinimumVisualStudioVersion = 10.0.40219.1
Project("{FAE04EC0-301F-11D3-BF4B-00C04F79EFBC}") = "BlazorCSSStuff.Web", "BlazorCSSStuff.Web\BlazorCSSStuff.Web.csproj", "{A0B55F28-93EC-4FC8-9CE9-ACB7B76FD0C6}"
EndProject
Project("{FAE04EC0-301F-11D3-BF4B-00C04F79EFBC}") = "BlazorCSSStuff.Components", "BlazorCSSStuff.Components\BlazorCSSStuff.Components.csproj", "{B80F1D3F-80B1-48D9-869F-BE107D22743B}"
EndProject
Global
	GlobalSection(SolutionConfigurationPlatforms) = preSolution
		Debug|Any CPU = Debug|Any CPU
		Release|Any CPU = Release|Any CPU
	EndGlobalSection
	GlobalSection(ProjectConfigurationPlatforms) = postSolution
		{A0B55F28-93EC-4FC8-9CE9-ACB7B76FD0C6}.Debug|Any CPU.ActiveCfg = Debug|Any CPU
		{A0B55F28-93EC-4FC8-9CE9-ACB7B76FD0C6}.Debug|Any CPU.Build.0 = Debug|Any CPU
		{A0B55F28-93EC-4FC8-9CE9-ACB7B76FD0C6}.Release|Any CPU.ActiveCfg = Release|Any CPU
		{A0B55F28-93EC-4FC8-9CE9-ACB7B76FD0C6}.Release|Any CPU.Build.0 = Release|Any CPU
		{B80F1D3F-80B1-48D9-869F-BE107D22743B}.Debug|Any CPU.ActiveCfg = Debug|Any CPU
		{B80F1D3F-80B1-48D9-869F-BE107D22743B}.Debug|Any CPU.Build.0 = Debug|Any CPU
		{B80F1D3F-80B1-48D9-869F-BE107D22743B}.Release|Any CPU.ActiveCfg = Release|Any CPU
		{B80F1D3F-80B1-48D9-869F-BE107D22743B}.Release|Any CPU.Build.0 = Release|Any CPU
	EndGlobalSection
	GlobalSection(SolutionProperties) = preSolution
		HideSolutionNode = FALSE
	EndGlobalSection
	GlobalSection(ExtensibilityGlobals) = postSolution
		SolutionGuid = {0B94DD49-4126-4B96-8F1A-5C8F96DA6FA0}
	EndGlobalSection
EndGlobal
